
Microsoft Visual Studio Solution File, Format Version 12.00
# Visual Studio Version 16
VisualStudioVersion = 16.0.30804.86
MinimumVisualStudioVersion = 10.0.40219.1
Project("{FAE04EC0-301F-11D3-BF4B-00C04F79EFBC}") = "WebApplication", "WebApplication\WebApplication.csproj", "{3021F61D-B438-4AA8-8F59-7B75A409B84C}"
EndProject
Project("{FAE04EC0-301F-11D3-BF4B-00C04F79EFBC}") = "WebApplication.Tests", "WebApplication.Tests\WebApplication.Tests.csproj", "{9EC1893C-1E11-415C-BFAC-A34E3322FF09}"
EndProject
Global
	GlobalSection(SolutionConfigurationPlatforms) = preSolution
		Debug|Any CPU = Debug|Any CPU
		Release|Any CPU = Release|Any CPU
	EndGlobalSection
	GlobalSection(ProjectConfigurationPlatforms) = postSolution
		{3021F61D-B438-4AA8-8F59-7B75A409B84C}.Debug|Any CPU.ActiveCfg = Debug|Any CPU
		{3021F61D-B438-4AA8-8F59-7B75A409B84C}.Debug|Any CPU.Build.0 = Debug|Any CPU
		{3021F61D-B438-4AA8-8F59-7B75A409B84C}.Release|Any CPU.ActiveCfg = Release|Any CPU
		{3021F61D-B438-4AA8-8F59-7B75A409B84C}.Release|Any CPU.Build.0 = Release|Any CPU
		{9EC1893C-1E11-415C-BFAC-A34E3322FF09}.Debug|Any CPU.ActiveCfg = Debug|Any CPU
		{9EC1893C-1E11-415C-BFAC-A34E3322FF09}.Debug|Any CPU.Build.0 = Debug|Any CPU
		{9EC1893C-1E11-415C-BFAC-A34E3322FF09}.Release|Any CPU.ActiveCfg = Release|Any CPU
		{9EC1893C-1E11-415C-BFAC-A34E3322FF09}.Release|Any CPU.Build.0 = Release|Any CPU
	EndGlobalSection
	GlobalSection(SolutionProperties) = preSolution
		HideSolutionNode = FALSE
	EndGlobalSection
	GlobalSection(ExtensibilityGlobals) = postSolution
		SolutionGuid = {708BA74F-C28F-4FA0-BA38-9CC6C6B0011C}
	EndGlobalSection
EndGlobal
