
Microsoft Visual Studio Solution File, Format Version 12.00
# Visual Studio Version 16
VisualStudioVersion = 16.0.30804.86
MinimumVisualStudioVersion = 10.0.40219.1
Project("{FAE04EC0-301F-11D3-BF4B-00C04F79EFBC}") = "WebApplication1", "WebApplication1\WebApplication1.csproj", "{08DED95C-0B06-4A6A-8675-0C3DD3964716}"
EndProject
Project("{FAE04EC0-301F-11D3-BF4B-00C04F79EFBC}") = "WebApplication1.Tests", "WebApplication1.Tests\WebApplication1.Tests.csproj", "{28EE068F-2CFF-4BD9-80F0-CC9B04AEBA92}"
EndProject
Global
	GlobalSection(SolutionConfigurationPlatforms) = preSolution
		Debug|Any CPU = Debug|Any CPU
		Release|Any CPU = Release|Any CPU
	EndGlobalSection
	GlobalSection(ProjectConfigurationPlatforms) = postSolution
		{08DED95C-0B06-4A6A-8675-0C3DD3964716}.Debug|Any CPU.ActiveCfg = Debug|Any CPU
		{08DED95C-0B06-4A6A-8675-0C3DD3964716}.Debug|Any CPU.Build.0 = Debug|Any CPU
		{08DED95C-0B06-4A6A-8675-0C3DD3964716}.Release|Any CPU.ActiveCfg = Release|Any CPU
		{08DED95C-0B06-4A6A-8675-0C3DD3964716}.Release|Any CPU.Build.0 = Release|Any CPU
		{28EE068F-2CFF-4BD9-80F0-CC9B04AEBA92}.Debug|Any CPU.ActiveCfg = Debug|Any CPU
		{28EE068F-2CFF-4BD9-80F0-CC9B04AEBA92}.Debug|Any CPU.Build.0 = Debug|Any CPU
		{28EE068F-2CFF-4BD9-80F0-CC9B04AEBA92}.Release|Any CPU.ActiveCfg = Release|Any CPU
		{28EE068F-2CFF-4BD9-80F0-CC9B04AEBA92}.Release|Any CPU.Build.0 = Release|Any CPU
	EndGlobalSection
	GlobalSection(SolutionProperties) = preSolution
		HideSolutionNode = FALSE
	EndGlobalSection
	GlobalSection(ExtensibilityGlobals) = postSolution
		SolutionGuid = {6B070B40-DDF4-4890-90D1-CAB5AFC69BEB}
	EndGlobalSection
EndGlobal
